
Microsoft Visual Studio Solution File, Format Version 12.00
# Visual Studio Version 16
VisualStudioVersion = 16.0.30011.22
MinimumVisualStudioVersion = 10.0.40219.1
Project("{FAE04EC0-301F-11D3-BF4B-00C04F79EFBC}") = "Lesson01_BasicConcept", "Lesson01_BasicConcept\Lesson01_BasicConcept.csproj", "{AB67017D-5283-47B4-82A6-8D288E347308}"
EndProject
Project("{FAE04EC0-301F-11D3-BF4B-00C04F79EFBC}") = "Lesson02_ControlFlujo", "Lesson02_ControlFlujo\Lesson02_ControlFlujo.csproj", "{EE6911AF-54BB-4559-9E96-5465EFC5BC38}"
EndProject
Project("{FAE04EC0-301F-11D3-BF4B-00C04F79EFBC}") = "Lesson03_OperadoresLogicos", "Lesson03_OperadoresLogicos\Lesson03_OperadoresLogicos.csproj", "{0339B128-6FD1-43F3-9FBC-2D5441AE2B6E}"
EndProject
Project("{FAE04EC0-301F-11D3-BF4B-00C04F79EFBC}") = "Lesson04_Metodos", "Lesson04_Metodos\Lesson04_Metodos.csproj", "{0FCE07C4-5C2E-4FD9-9E4B-31F2D4FAB1B4}"
EndProject
Project("{FAE04EC0-301F-11D3-BF4B-00C04F79EFBC}") = "Lesson05_Arrays", "Lesson05_Arrays\Lesson05_Arrays.csproj", "{7EF5B5DB-48DD-4A35-9686-5798D7BD20D7}"
EndProject
Global
	GlobalSection(SolutionConfigurationPlatforms) = preSolution
		Debug|Any CPU = Debug|Any CPU
		Release|Any CPU = Release|Any CPU
	EndGlobalSection
	GlobalSection(ProjectConfigurationPlatforms) = postSolution
		{AB67017D-5283-47B4-82A6-8D288E347308}.Debug|Any CPU.ActiveCfg = Debug|Any CPU
		{AB67017D-5283-47B4-82A6-8D288E347308}.Debug|Any CPU.Build.0 = Debug|Any CPU
		{AB67017D-5283-47B4-82A6-8D288E347308}.Release|Any CPU.ActiveCfg = Release|Any CPU
		{AB67017D-5283-47B4-82A6-8D288E347308}.Release|Any CPU.Build.0 = Release|Any CPU
		{EE6911AF-54BB-4559-9E96-5465EFC5BC38}.Debug|Any CPU.ActiveCfg = Debug|Any CPU
		{EE6911AF-54BB-4559-9E96-5465EFC5BC38}.Debug|Any CPU.Build.0 = Debug|Any CPU
		{EE6911AF-54BB-4559-9E96-5465EFC5BC38}.Release|Any CPU.ActiveCfg = Release|Any CPU
		{EE6911AF-54BB-4559-9E96-5465EFC5BC38}.Release|Any CPU.Build.0 = Release|Any CPU
		{0339B128-6FD1-43F3-9FBC-2D5441AE2B6E}.Debug|Any CPU.ActiveCfg = Debug|Any CPU
		{0339B128-6FD1-43F3-9FBC-2D5441AE2B6E}.Debug|Any CPU.Build.0 = Debug|Any CPU
		{0339B128-6FD1-43F3-9FBC-2D5441AE2B6E}.Release|Any CPU.ActiveCfg = Release|Any CPU
		{0339B128-6FD1-43F3-9FBC-2D5441AE2B6E}.Release|Any CPU.Build.0 = Release|Any CPU
		{0FCE07C4-5C2E-4FD9-9E4B-31F2D4FAB1B4}.Debug|Any CPU.ActiveCfg = Debug|Any CPU
		{0FCE07C4-5C2E-4FD9-9E4B-31F2D4FAB1B4}.Debug|Any CPU.Build.0 = Debug|Any CPU
		{0FCE07C4-5C2E-4FD9-9E4B-31F2D4FAB1B4}.Release|Any CPU.ActiveCfg = Release|Any CPU
		{0FCE07C4-5C2E-4FD9-9E4B-31F2D4FAB1B4}.Release|Any CPU.Build.0 = Release|Any CPU
		{7EF5B5DB-48DD-4A35-9686-5798D7BD20D7}.Debug|Any CPU.ActiveCfg = Debug|Any CPU
		{7EF5B5DB-48DD-4A35-9686-5798D7BD20D7}.Debug|Any CPU.Build.0 = Debug|Any CPU
		{7EF5B5DB-48DD-4A35-9686-5798D7BD20D7}.Release|Any CPU.ActiveCfg = Release|Any CPU
		{7EF5B5DB-48DD-4A35-9686-5798D7BD20D7}.Release|Any CPU.Build.0 = Release|Any CPU
	EndGlobalSection
	GlobalSection(SolutionProperties) = preSolution
		HideSolutionNode = FALSE
	EndGlobalSection
	GlobalSection(ExtensibilityGlobals) = postSolution
		SolutionGuid = {31D14410-9018-4DB9-99E6-02190BDAB645}
	EndGlobalSection
EndGlobal
