
Microsoft Visual Studio Solution File, Format Version 12.00
# Visual Studio Version 16
VisualStudioVersion = 16.0.30011.22
MinimumVisualStudioVersion = 10.0.40219.1
Project("{FAE04EC0-301F-11D3-BF4B-00C04F79EFBC}") = "Lesson01_BasicConcept", "Lesson01_BasicConcept\Lesson01_BasicConcept.csproj", "{AB67017D-5283-47B4-82A6-8D288E347308}"
EndProject
Project("{FAE04EC0-301F-11D3-BF4B-00C04F79EFBC}") = "Lesson02_ControlFlujo", "Lesson02_ControlFlujo\Lesson02_ControlFlujo.csproj", "{EE6911AF-54BB-4559-9E96-5465EFC5BC38}"
EndProject
Global
	GlobalSection(SolutionConfigurationPlatforms) = preSolution
		Debug|Any CPU = Debug|Any CPU
		Release|Any CPU = Release|Any CPU
	EndGlobalSection
	GlobalSection(ProjectConfigurationPlatforms) = postSolution
		{AB67017D-5283-47B4-82A6-8D288E347308}.Debug|Any CPU.ActiveCfg = Debug|Any CPU
		{AB67017D-5283-47B4-82A6-8D288E347308}.Debug|Any CPU.Build.0 = Debug|Any CPU
		{AB67017D-5283-47B4-82A6-8D288E347308}.Release|Any CPU.ActiveCfg = Release|Any CPU
		{AB67017D-5283-47B4-82A6-8D288E347308}.Release|Any CPU.Build.0 = Release|Any CPU
		{EE6911AF-54BB-4559-9E96-5465EFC5BC38}.Debug|Any CPU.ActiveCfg = Debug|Any CPU
		{EE6911AF-54BB-4559-9E96-5465EFC5BC38}.Debug|Any CPU.Build.0 = Debug|Any CPU
		{EE6911AF-54BB-4559-9E96-5465EFC5BC38}.Release|Any CPU.ActiveCfg = Release|Any CPU
		{EE6911AF-54BB-4559-9E96-5465EFC5BC38}.Release|Any CPU.Build.0 = Release|Any CPU
	EndGlobalSection
	GlobalSection(SolutionProperties) = preSolution
		HideSolutionNode = FALSE
	EndGlobalSection
	GlobalSection(ExtensibilityGlobals) = postSolution
		SolutionGuid = {31D14410-9018-4DB9-99E6-02190BDAB645}
	EndGlobalSection
EndGlobal
